// !$*UTF8*$!
{
	archiveVersion = 1;
	classes = {
	};
	objectVersion = 46;
	objects = {

/* Begin PBXBuildFile section */
		9502A84D1CB1F1D200904A0B /* AppDelegate.swift in Sources */ = {isa = PBXBuildFile; fileRef = 9502A84C1CB1F1D200904A0B /* AppDelegate.swift */; };
		9502A8501CB1F1D200904A0B /* AppAirPollution.xcdatamodeld in Sources */ = {isa = PBXBuildFile; fileRef = 9502A84E1CB1F1D200904A0B /* AppAirPollution.xcdatamodeld */; };
		9502A8521CB1F1D200904A0B /* MasterViewController.swift in Sources */ = {isa = PBXBuildFile; fileRef = 9502A8511CB1F1D200904A0B /* MasterViewController.swift */; };
		9502A8541CB1F1D200904A0B /* DetailViewController.swift in Sources */ = {isa = PBXBuildFile; fileRef = 9502A8531CB1F1D200904A0B /* DetailViewController.swift */; };
		9502A8571CB1F1D200904A0B /* Main.storyboard in Resources */ = {isa = PBXBuildFile; fileRef = 9502A8551CB1F1D200904A0B /* Main.storyboard */; };
		9502A8591CB1F1D200904A0B /* Assets.xcassets in Resources */ = {isa = PBXBuildFile; fileRef = 9502A8581CB1F1D200904A0B /* Assets.xcassets */; };
		9502A85C1CB1F1D200904A0B /* LaunchScreen.storyboard in Resources */ = {isa = PBXBuildFile; fileRef = 9502A85A1CB1F1D200904A0B /* LaunchScreen.storyboard */; };
		9502A8671CB1F1D200904A0B /* AppAirPollutionTests.swift in Sources */ = {isa = PBXBuildFile; fileRef = 9502A8661CB1F1D200904A0B /* AppAirPollutionTests.swift */; };
		9502A8721CB1F1D200904A0B /* AppAirPollutionUITests.swift in Sources */ = {isa = PBXBuildFile; fileRef = 9502A8711CB1F1D200904A0B /* AppAirPollutionUITests.swift */; };
/* End PBXBuildFile section */

/* Begin PBXContainerItemProxy section */
		9502A8631CB1F1D200904A0B /* PBXContainerItemProxy */ = {
			isa = PBXContainerItemProxy;
			containerPortal = 9502A8411CB1F1D200904A0B /* Project object */;
			proxyType = 1;
			remoteGlobalIDString = 9502A8481CB1F1D200904A0B;
			remoteInfo = AppAirPollution;
		};
		9502A86E1CB1F1D200904A0B /* PBXContainerItemProxy */ = {
			isa = PBXContainerItemProxy;
			containerPortal = 9502A8411CB1F1D200904A0B /* Project object */;
			proxyType = 1;
			remoteGlobalIDString = 9502A8481CB1F1D200904A0B;
			remoteInfo = AppAirPollution;
		};
/* End PBXContainerItemProxy section */

/* Begin PBXFileReference section */
		9502A8491CB1F1D200904A0B /* AppAirPollution.app */ = {isa = PBXFileReference; explicitFileType = wrapper.application; includeInIndex = 0; path = AppAirPollution.app; sourceTree = BUILT_PRODUCTS_DIR; };
		9502A84C1CB1F1D200904A0B /* AppDelegate.swift */ = {isa = PBXFileReference; lastKnownFileType = sourcecode.swift; path = AppDelegate.swift; sourceTree = "<group>"; };
		9502A84F1CB1F1D200904A0B /* AppAirPollution.xcdatamodel */ = {isa = PBXFileReference; lastKnownFileType = wrapper.xcdatamodel; path = AppAirPollution.xcdatamodel; sourceTree = "<group>"; };
		9502A8511CB1F1D200904A0B /* MasterViewController.swift */ = {isa = PBXFileReference; lastKnownFileType = sourcecode.swift; path = MasterViewController.swift; sourceTree = "<group>"; };
		9502A8531CB1F1D200904A0B /* DetailViewController.swift */ = {isa = PBXFileReference; lastKnownFileType = sourcecode.swift; path = DetailViewController.swift; sourceTree = "<group>"; };
		9502A8561CB1F1D200904A0B /* Base */ = {isa = PBXFileReference; lastKnownFileType = file.storyboard; name = Base; path = Base.lproj/Main.storyboard; sourceTree = "<group>"; };
		9502A8581CB1F1D200904A0B /* Assets.xcassets */ = {isa = PBXFileReference; lastKnownFileType = folder.assetcatalog; path = Assets.xcassets; sourceTree = "<group>"; };
		9502A85B1CB1F1D200904A0B /* Base */ = {isa = PBXFileReference; lastKnownFileType = file.storyboard; name = Base; path = Base.lproj/LaunchScreen.storyboard; sourceTree = "<group>"; };
		9502A85D1CB1F1D200904A0B /* Info.plist */ = {isa = PBXFileReference; lastKnownFileType = text.plist.xml; path = Info.plist; sourceTree = "<group>"; };
		9502A8621CB1F1D200904A0B /* AppAirPollutionTests.xctest */ = {isa = PBXFileReference; explicitFileType = wrapper.cfbundle; includeInIndex = 0; path = AppAirPollutionTests.xctest; sourceTree = BUILT_PRODUCTS_DIR; };
		9502A8661CB1F1D200904A0B /* AppAirPollutionTests.swift */ = {isa = PBXFileReference; lastKnownFileType = sourcecode.swift; path = AppAirPollutionTests.swift; sourceTree = "<group>"; };
		9502A8681CB1F1D200904A0B /* Info.plist */ = {isa = PBXFileReference; lastKnownFileType = text.plist.xml; path = Info.plist; sourceTree = "<group>"; };
		9502A86D1CB1F1D200904A0B /* AppAirPollutionUITests.xctest */ = {isa = PBXFileReference; explicitFileType = wrapper.cfbundle; includeInIndex = 0; path = AppAirPollutionUITests.xctest; sourceTree = BUILT_PRODUCTS_DIR; };
		9502A8711CB1F1D200904A0B /* AppAirPollutionUITests.swift */ = {isa = PBXFileReference; lastKnownFileType = sourcecode.swift; path = AppAirPollutionUITests.swift; sourceTree = "<group>"; };
		9502A8731CB1F1D200904A0B /* Info.plist */ = {isa = PBXFileReference; lastKnownFileType = text.plist.xml; path = Info.plist; sourceTree = "<group>"; };
		9502A8831CB1F25700904A0B /* AppAirPollution.entitlements */ = {isa = PBXFileReference; lastKnownFileType = text.xml; path = AppAirPollution.entitlements; sourceTree = "<group>"; };
/* End PBXFileReference section */

/* Begin PBXFrameworksBuildPhase section */
		9502A8461CB1F1D200904A0B /* Frameworks */ = {
			isa = PBXFrameworksBuildPhase;
			buildActionMask = 2147483647;
			files = (
			);
			runOnlyForDeploymentPostprocessing = 0;
		};
		9502A85F1CB1F1D200904A0B /* Frameworks */ = {
			isa = PBXFrameworksBuildPhase;
			buildActionMask = 2147483647;
			files = (
			);
			runOnlyForDeploymentPostprocessing = 0;
		};
		9502A86A1CB1F1D200904A0B /* Frameworks */ = {
			isa = PBXFrameworksBuildPhase;
			buildActionMask = 2147483647;
			files = (
			);
			runOnlyForDeploymentPostprocessing = 0;
		};
/* End PBXFrameworksBuildPhase section */

/* Begin PBXGroup section */
		9502A8401CB1F1D200904A0B = {
			isa = PBXGroup;
			children = (
				9502A84B1CB1F1D200904A0B /* AppAirPollution */,
				9502A8651CB1F1D200904A0B /* AppAirPollutionTests */,
				9502A8701CB1F1D200904A0B /* AppAirPollutionUITests */,
				9502A84A1CB1F1D200904A0B /* Products */,
			);
			sourceTree = "<group>";
		};
		9502A84A1CB1F1D200904A0B /* Products */ = {
			isa = PBXGroup;
			children = (
				9502A8491CB1F1D200904A0B /* AppAirPollution.app */,
				9502A8621CB1F1D200904A0B /* AppAirPollutionTests.xctest */,
				9502A86D1CB1F1D200904A0B /* AppAirPollutionUITests.xctest */,
			);
			name = Products;
			sourceTree = "<group>";
		};
		9502A84B1CB1F1D200904A0B /* AppAirPollution */ = {
			isa = PBXGroup;
			children = (
				9502A8831CB1F25700904A0B /* AppAirPollution.entitlements */,
				9502A84C1CB1F1D200904A0B /* AppDelegate.swift */,
				9502A8511CB1F1D200904A0B /* MasterViewController.swift */,
				9502A8531CB1F1D200904A0B /* DetailViewController.swift */,
				9502A8551CB1F1D200904A0B /* Main.storyboard */,
				9502A8581CB1F1D200904A0B /* Assets.xcassets */,
				9502A85A1CB1F1D200904A0B /* LaunchScreen.storyboard */,
				9502A85D1CB1F1D200904A0B /* Info.plist */,
				9502A84E1CB1F1D200904A0B /* AppAirPollution.xcdatamodeld */,
			);
			path = AppAirPollution;
			sourceTree = "<group>";
		};
		9502A8651CB1F1D200904A0B /* AppAirPollutionTests */ = {
			isa = PBXGroup;
			children = (
				9502A8661CB1F1D200904A0B /* AppAirPollutionTests.swift */,
				9502A8681CB1F1D200904A0B /* Info.plist */,
			);
			path = AppAirPollutionTests;
			sourceTree = "<group>";
		};
		9502A8701CB1F1D200904A0B /* AppAirPollutionUITests */ = {
			isa = PBXGroup;
			children = (
				9502A8711CB1F1D200904A0B /* AppAirPollutionUITests.swift */,
				9502A8731CB1F1D200904A0B /* Info.plist */,
			);
			path = AppAirPollutionUITests;
			sourceTree = "<group>";
		};
/* End PBXGroup section */

/* Begin PBXNativeTarget section */
		9502A8481CB1F1D200904A0B /* AppAirPollution */ = {
			isa = PBXNativeTarget;
			buildConfigurationList = 9502A8761CB1F1D200904A0B /* Build configuration list for PBXNativeTarget "AppAirPollution" */;
			buildPhases = (
				9502A8451CB1F1D200904A0B /* Sources */,
				9502A8461CB1F1D200904A0B /* Frameworks */,
				9502A8471CB1F1D200904A0B /* Resources */,
			);
			buildRules = (
			);
			dependencies = (
			);
			name = AppAirPollution;
			productName = AppAirPollution;
			productReference = 9502A8491CB1F1D200904A0B /* AppAirPollution.app */;
			productType = "com.apple.product-type.application";
		};
		9502A8611CB1F1D200904A0B /* AppAirPollutionTests */ = {
			isa = PBXNativeTarget;
			buildConfigurationList = 9502A8791CB1F1D200904A0B /* Build configuration list for PBXNativeTarget "AppAirPollutionTests" */;
			buildPhases = (
				9502A85E1CB1F1D200904A0B /* Sources */,
				9502A85F1CB1F1D200904A0B /* Frameworks */,
				9502A8601CB1F1D200904A0B /* Resources */,
			);
			buildRules = (
			);
			dependencies = (
				9502A8641CB1F1D200904A0B /* PBXTargetDependency */,
			);
			name = AppAirPollutionTests;
			productName = AppAirPollutionTests;
			productReference = 9502A8621CB1F1D200904A0B /* AppAirPollutionTests.xctest */;
			productType = "com.apple.product-type.bundle.unit-test";
		};
		9502A86C1CB1F1D200904A0B /* AppAirPollutionUITests */ = {
			isa = PBXNativeTarget;
			buildConfigurationList = 9502A87C1CB1F1D200904A0B /* Build configuration list for PBXNativeTarget "AppAirPollutionUITests" */;
			buildPhases = (
				9502A8691CB1F1D200904A0B /* Sources */,
				9502A86A1CB1F1D200904A0B /* Frameworks */,
				9502A86B1CB1F1D200904A0B /* Resources */,
			);
			buildRules = (
			);
			dependencies = (
				9502A86F1CB1F1D200904A0B /* PBXTargetDependency */,
			);
			name = AppAirPollutionUITests;
			productName = AppAirPollutionUITests;
			productReference = 9502A86D1CB1F1D200904A0B /* AppAirPollutionUITests.xctest */;
			productType = "com.apple.product-type.bundle.ui-testing";
		};
/* End PBXNativeTarget section */

/* Begin PBXProject section */
		9502A8411CB1F1D200904A0B /* Project object */ = {
			isa = PBXProject;
			attributes = {
				LastSwiftUpdateCheck = 0730;
				LastUpgradeCheck = 0730;
				ORGANIZATIONNAME = Matteo;
				TargetAttributes = {
					9502A8481CB1F1D200904A0B = {
						CreatedOnToolsVersion = 7.3;
						DevelopmentTeam = YU6C4ZXCVS;
						SystemCapabilities = {
							com.apple.Maps.iOS = {
								enabled = 0;
							};
							com.apple.WAC = {
								enabled = 0;
							};
						};
					};
					9502A8611CB1F1D200904A0B = {
						CreatedOnToolsVersion = 7.3;
						TestTargetID = 9502A8481CB1F1D200904A0B;
					};
					9502A86C1CB1F1D200904A0B = {
						CreatedOnToolsVersion = 7.3;
						TestTargetID = 9502A8481CB1F1D200904A0B;
					};
				};
			};
			buildConfigurationList = 9502A8441CB1F1D200904A0B /* Build configuration list for PBXProject "AppAirPollution" */;
			compatibilityVersion = "Xcode 3.2";
			developmentRegion = English;
			hasScannedForEncodings = 0;
			knownRegions = (
				en,
				Base,
			);
			mainGroup = 9502A8401CB1F1D200904A0B;
			productRefGroup = 9502A84A1CB1F1D200904A0B /* Products */;
			projectDirPath = "";
			projectRoot = "";
			targets = (
				9502A8481CB1F1D200904A0B /* AppAirPollution */,
				9502A8611CB1F1D200904A0B /* AppAirPollutionTests */,
				9502A86C1CB1F1D200904A0B /* AppAirPollutionUITests */,
			);
		};
/* End PBXProject section */

/* Begin PBXResourcesBuildPhase section */
		9502A8471CB1F1D200904A0B /* Resources */ = {
			isa = PBXResourcesBuildPhase;
			buildActionMask = 2147483647;
			files = (
				9502A85C1CB1F1D200904A0B /* LaunchScreen.storyboard in Resources */,
				9502A8591CB1F1D200904A0B /* Assets.xcassets in Resources */,
				9502A8571CB1F1D200904A0B /* Main.storyboard in Resources */,
			);
			runOnlyForDeploymentPostprocessing = 0;
		};
		9502A8601CB1F1D200904A0B /* Resources */ = {
			isa = PBXResourcesBuildPhase;
			buildActionMask = 2147483647;
			files = (
			);
			runOnlyForDeploymentPostprocessing = 0;
		};
		9502A86B1CB1F1D200904A0B /* Resources */ = {
			isa = PBXResourcesBuildPhase;
			buildActionMask = 2147483647;
			files = (
			);
			runOnlyForDeploymentPostprocessing = 0;
		};
/* End PBXResourcesBuildPhase section */

/* Begin PBXSourcesBuildPhase section */
		9502A8451CB1F1D200904A0B /* Sources */ = {
			isa = PBXSourcesBuildPhase;
			buildActionMask = 2147483647;
			files = (
				9502A84D1CB1F1D200904A0B /* AppDelegate.swift in Sources */,
				9502A8501CB1F1D200904A0B /* AppAirPollution.xcdatamodeld in Sources */,
				9502A8521CB1F1D200904A0B /* MasterViewController.swift in Sources */,
				9502A8541CB1F1D200904A0B /* DetailViewController.swift in Sources */,
			);
			runOnlyForDeploymentPostprocessing = 0;
		};
		9502A85E1CB1F1D200904A0B /* Sources */ = {
			isa = PBXSourcesBuildPhase;
			buildActionMask = 2147483647;
			files = (
				9502A8671CB1F1D200904A0B /* AppAirPollutionTests.swift in Sources */,
			);
			runOnlyForDeploymentPostprocessing = 0;
		};
		9502A8691CB1F1D200904A0B /* Sources */ = {
			isa = PBXSourcesBuildPhase;
			buildActionMask = 2147483647;
			files = (
				9502A8721CB1F1D200904A0B /* AppAirPollutionUITests.swift in Sources */,
			);
			runOnlyForDeploymentPostprocessing = 0;
		};
/* End PBXSourcesBuildPhase section */

/* Begin PBXTargetDependency section */
		9502A8641CB1F1D200904A0B /* PBXTargetDependency */ = {
			isa = PBXTargetDependency;
			target = 9502A8481CB1F1D200904A0B /* AppAirPollution */;
			targetProxy = 9502A8631CB1F1D200904A0B /* PBXContainerItemProxy */;
		};
		9502A86F1CB1F1D200904A0B /* PBXTargetDependency */ = {
			isa = PBXTargetDependency;
			target = 9502A8481CB1F1D200904A0B /* AppAirPollution */;
			targetProxy = 9502A86E1CB1F1D200904A0B /* PBXContainerItemProxy */;
		};
/* End PBXTargetDependency section */

/* Begin PBXVariantGroup section */
		9502A8551CB1F1D200904A0B /* Main.storyboard */ = {
			isa = PBXVariantGroup;
			children = (
				9502A8561CB1F1D200904A0B /* Base */,
			);
			name = Main.storyboard;
			sourceTree = "<group>";
		};
		9502A85A1CB1F1D200904A0B /* LaunchScreen.storyboard */ = {
			isa = PBXVariantGroup;
			children = (
				9502A85B1CB1F1D200904A0B /* Base */,
			);
			name = LaunchScreen.storyboard;
			sourceTree = "<group>";
		};
/* End PBXVariantGroup section */

/* Begin XCBuildConfiguration section */
		9502A8741CB1F1D200904A0B /* Debug */ = {
			isa = XCBuildConfiguration;
			buildSettings = {
				ALWAYS_SEARCH_USER_PATHS = NO;
				CLANG_ANALYZER_NONNULL = YES;
				CLANG_CXX_LANGUAGE_STANDARD = "gnu++0x";
				CLANG_CXX_LIBRARY = "libc++";
				CLANG_ENABLE_MODULES = YES;
				CLANG_ENABLE_OBJC_ARC = YES;
				CLANG_WARN_BOOL_CONVERSION = YES;
				CLANG_WARN_CONSTANT_CONVERSION = YES;
				CLANG_WARN_DIRECT_OBJC_ISA_USAGE = YES_ERROR;
				CLANG_WARN_EMPTY_BODY = YES;
				CLANG_WARN_ENUM_CONVERSION = YES;
				CLANG_WARN_INT_CONVERSION = YES;
				CLANG_WARN_OBJC_ROOT_CLASS = YES_ERROR;
				CLANG_WARN_UNREACHABLE_CODE = YES;
				CLANG_WARN__DUPLICATE_METHOD_MATCH = YES;
				"CODE_SIGN_IDENTITY[sdk=iphoneos*]" = "iPhone Developer";
				COPY_PHASE_STRIP = NO;
				DEBUG_INFORMATION_FORMAT = dwarf;
				ENABLE_STRICT_OBJC_MSGSEND = YES;
				ENABLE_TESTABILITY = YES;
				GCC_C_LANGUAGE_STANDARD = gnu99;
				GCC_DYNAMIC_NO_PIC = NO;
				GCC_NO_COMMON_BLOCKS = YES;
				GCC_OPTIMIZATION_LEVEL = 0;
				GCC_PREPROCESSOR_DEFINITIONS = (
					"DEBUG=1",
					"$(inherited)",
				);
				GCC_WARN_64_TO_32_BIT_CONVERSION = YES;
				GCC_WARN_ABOUT_RETURN_TYPE = YES_ERROR;
				GCC_WARN_UNDECLARED_SELECTOR = YES;
				GCC_WARN_UNINITIALIZED_AUTOS = YES_AGGRESSIVE;
				GCC_WARN_UNUSED_FUNCTION = YES;
				GCC_WARN_UNUSED_VARIABLE = YES;
				IPHONEOS_DEPLOYMENT_TARGET = 9.3;
				MTL_ENABLE_DEBUG_INFO = YES;
				ONLY_ACTIVE_ARCH = YES;
				SDKROOT = iphoneos;
				SWIFT_OPTIMIZATION_LEVEL = "-Onone";
				TARGETED_DEVICE_FAMILY = "1,2";
			};
			name = Debug;
		};
		9502A8751CB1F1D200904A0B /* Release */ = {
			isa = XCBuildConfiguration;
			buildSettings = {
				ALWAYS_SEARCH_USER_PATHS = NO;
				CLANG_ANALYZER_NONNULL = YES;
				CLANG_CXX_LANGUAGE_STANDARD = "gnu++0x";
				CLANG_CXX_LIBRARY = "libc++";
				CLANG_ENABLE_MODULES = YES;
				CLANG_ENABLE_OBJC_ARC = YES;
				CLANG_WARN_BOOL_CONVERSION = YES;
				CLANG_WARN_CONSTANT_CONVERSION = YES;
				CLANG_WARN_DIRECT_OBJC_ISA_USAGE = YES_ERROR;
				CLANG_WARN_EMPTY_BODY = YES;
				CLANG_WARN_ENUM_CONVERSION = YES;
				CLANG_WARN_INT_CONVERSION = YES;
				CLANG_WARN_OBJC_ROOT_CLASS = YES_ERROR;
				CLANG_WARN_UNREACHABLE_CODE = YES;
				CLANG_WARN__DUPLICATE_METHOD_MATCH = YES;
				"CODE_SIGN_IDENTITY[sdk=iphoneos*]" = "iPhone Developer";
				COPY_PHASE_STRIP = NO;
				DEBUG_INFORMATION_FORMAT = "dwarf-with-dsym";
				ENABLE_NS_ASSERTIONS = NO;
				ENABLE_STRICT_OBJC_MSGSEND = YES;
				GCC_C_LANGUAGE_STANDARD = gnu99;
				GCC_NO_COMMON_BLOCKS = YES;
				GCC_WARN_64_TO_32_BIT_CONVERSION = YES;
				GCC_WARN_ABOUT_RETURN_TYPE = YES_ERROR;
				GCC_WARN_UNDECLARED_SELECTOR = YES;
				GCC_WARN_UNINITIALIZED_AUTOS = YES_AGGRESSIVE;
				GCC_WARN_UNUSED_FUNCTION = YES;
				GCC_WARN_UNUSED_VARIABLE = YES;
				IPHONEOS_DEPLOYMENT_TARGET = 9.3;
				MTL_ENABLE_DEBUG_INFO = NO;
				SDKROOT = iphoneos;
				TARGETED_DEVICE_FAMILY = "1,2";
				VALIDATE_PRODUCT = YES;
			};
			name = Release;
		};
		9502A8771CB1F1D200904A0B /* Debug */ = {
			isa = XCBuildConfiguration;
			buildSettings = {
				ASSETCATALOG_COMPILER_APPICON_NAME = AppIcon;
				CODE_SIGN_IDENTITY = "iPhone Developer";
				"CODE_SIGN_IDENTITY[sdk=iphoneos*]" = "iPhone Developer";
				INFOPLIST_FILE = AppAirPollution/Info.plist;
				LD_RUNPATH_SEARCH_PATHS = "$(inherited) @executable_path/Frameworks";
				PRODUCT_BUNDLE_IDENTIFIER = nomida.AppAirPollution;
				PRODUCT_NAME = "$(TARGET_NAME)";
				PROVISIONING_PROFILE = "";
			};
			name = Debug;
		};
		9502A8781CB1F1D200904A0B /* Release */ = {
			isa = XCBuildConfiguration;
			buildSettings = {
				ASSETCATALOG_COMPILER_APPICON_NAME = AppIcon;
				CODE_SIGN_IDENTITY = "iPhone Developer";
				"CODE_SIGN_IDENTITY[sdk=iphoneos*]" = "iPhone Developer";
				INFOPLIST_FILE = AppAirPollution/Info.plist;
				LD_RUNPATH_SEARCH_PATHS = "$(inherited) @executable_path/Frameworks";
				PRODUCT_BUNDLE_IDENTIFIER = nomida.AppAirPollution;
				PRODUCT_NAME = "$(TARGET_NAME)";
				PROVISIONING_PROFILE = "";
			};
			name = Release;
		};
		9502A87A1CB1F1D200904A0B /* Debug */ = {
			isa = XCBuildConfiguration;
			buildSettings = {
				BUNDLE_LOADER = "$(TEST_HOST)";
				INFOPLIST_FILE = AppAirPollutionTests/Info.plist;
				LD_RUNPATH_SEARCH_PATHS = "$(inherited) @executable_path/Frameworks @loader_path/Frameworks";
				PRODUCT_BUNDLE_IDENTIFIER = nomida.AppAirPollutionTests;
				PRODUCT_NAME = "$(TARGET_NAME)";
				TEST_HOST = "$(BUILT_PRODUCTS_DIR)/AppAirPollution.app/AppAirPollution";
			};
			name = Debug;
		};
		9502A87B1CB1F1D200904A0B /* Release */ = {
			isa = XCBuildConfiguration;
			buildSettings = {
				BUNDLE_LOADER = "$(TEST_HOST)";
				INFOPLIST_FILE = AppAirPollutionTests/Info.plist;
				LD_RUNPATH_SEARCH_PATHS = "$(inherited) @executable_path/Frameworks @loader_path/Frameworks";
				PRODUCT_BUNDLE_IDENTIFIER = nomida.AppAirPollutionTests;
				PRODUCT_NAME = "$(TARGET_NAME)";
				TEST_HOST = "$(BUILT_PRODUCTS_DIR)/AppAirPollution.app/AppAirPollution";
			};
			name = Release;
		};
		9502A87D1CB1F1D200904A0B /* Debug */ = {
			isa = XCBuildConfiguration;
			buildSettings = {
				INFOPLIST_FILE = AppAirPollutionUITests/Info.plist;
				LD_RUNPATH_SEARCH_PATHS = "$(inherited) @executable_path/Frameworks @loader_path/Frameworks";
				PRODUCT_BUNDLE_IDENTIFIER = nomida.AppAirPollutionUITests;
				PRODUCT_NAME = "$(TARGET_NAME)";
				TEST_TARGET_NAME = AppAirPollution;
			};
			name = Debug;
		};
		9502A87E1CB1F1D200904A0B /* Release */ = {
			isa = XCBuildConfiguration;
			buildSettings = {
				INFOPLIST_FILE = AppAirPollutionUITests/Info.plist;
				LD_RUNPATH_SEARCH_PATHS = "$(inherited) @executable_path/Frameworks @loader_path/Frameworks";
				PRODUCT_BUNDLE_IDENTIFIER = nomida.AppAirPollutionUITests;
				PRODUCT_NAME = "$(TARGET_NAME)";
				TEST_TARGET_NAME = AppAirPollution;
			};
			name = Release;
		};
/* End XCBuildConfiguration section */

/* Begin XCConfigurationList section */
		9502A8441CB1F1D200904A0B /* Build configuration list for PBXProject "AppAirPollution" */ = {
			isa = XCConfigurationList;
			buildConfigurations = (
				9502A8741CB1F1D200904A0B /* Debug */,
				9502A8751CB1F1D200904A0B /* Release */,
			);
			defaultConfigurationIsVisible = 0;
			defaultConfigurationName = Release;
		};
		9502A8761CB1F1D200904A0B /* Build configuration list for PBXNativeTarget "AppAirPollution" */ = {
			isa = XCConfigurationList;
			buildConfigurations = (
				9502A8771CB1F1D200904A0B /* Debug */,
				9502A8781CB1F1D200904A0B /* Release */,
			);
			defaultConfigurationIsVisible = 0;
		};
		9502A8791CB1F1D200904A0B /* Build configuration list for PBXNativeTarget "AppAirPollutionTests" */ = {
			isa = XCConfigurationList;
			buildConfigurations = (
				9502A87A1CB1F1D200904A0B /* Debug */,
				9502A87B1CB1F1D200904A0B /* Release */,
			);
			defaultConfigurationIsVisible = 0;
		};
		9502A87C1CB1F1D200904A0B /* Build configuration list for PBXNativeTarget "AppAirPollutionUITests" */ = {
			isa = XCConfigurationList;
			buildConfigurations = (
				9502A87D1CB1F1D200904A0B /* Debug */,
				9502A87E1CB1F1D200904A0B /* Release */,
			);
			defaultConfigurationIsVisible = 0;
		};
/* End XCConfigurationList section */

/* Begin XCVersionGroup section */
		9502A84E1CB1F1D200904A0B /* AppAirPollution.xcdatamodeld */ = {
			isa = XCVersionGroup;
			children = (
				9502A84F1CB1F1D200904A0B /* AppAirPollution.xcdatamodel */,
			);
			currentVersion = 9502A84F1CB1F1D200904A0B /* AppAirPollution.xcdatamodel */;
			path = AppAirPollution.xcdatamodeld;
			sourceTree = "<group>";
			versionGroupType = wrapper.xcdatamodel;
		};
/* End XCVersionGroup section */
	};
	rootObject = 9502A8411CB1F1D200904A0B /* Project object */;
}
